
Microsoft Visual Studio Solution File, Format Version 12.00
# Visual Studio Version 17
VisualStudioVersion = 17.14.36121.58 d17.14
MinimumVisualStudioVersion = 10.0.40219.1
Project("{FAE04EC0-301F-11D3-BF4B-00C04F79EFBC}") = "Spend.Smart", "Spend.Smart\Spend.Smart.csproj", "{F5830F09-982A-43A9-BCEE-ECE28B670F74}"
EndProject
Global
	GlobalSection(SolutionConfigurationPlatforms) = preSolution
		Debug|Any CPU = Debug|Any CPU
		Release|Any CPU = Release|Any CPU
	EndGlobalSection
	GlobalSection(ProjectConfigurationPlatforms) = postSolution
		{F5830F09-982A-43A9-BCEE-ECE28B670F74}.Debug|Any CPU.ActiveCfg = Debug|Any CPU
		{F5830F09-982A-43A9-BCEE-ECE28B670F74}.Debug|Any CPU.Build.0 = Debug|Any CPU
		{F5830F09-982A-43A9-BCEE-ECE28B670F74}.Release|Any CPU.ActiveCfg = Release|Any CPU
		{F5830F09-982A-43A9-BCEE-ECE28B670F74}.Release|Any CPU.Build.0 = Release|Any CPU
	EndGlobalSection
	GlobalSection(SolutionProperties) = preSolution
		HideSolutionNode = FALSE
	EndGlobalSection
	GlobalSection(ExtensibilityGlobals) = postSolution
		SolutionGuid = {F589814D-63ED-4001-9E2A-0875AA0ACD21}
	EndGlobalSection
EndGlobal
